
Microsoft Visual Studio Solution File, Format Version 12.00
# Visual Studio 15
VisualStudioVersion = 15.0.27703.2035
MinimumVisualStudioVersion = 10.0.40219.1
Project("{FAE04EC0-301F-11D3-BF4B-00C04F79EFBC}") = "AdopcionesSingleton", "AdopcionesSingleton\AdopcionesSingleton.csproj", "{A5034E07-3253-45C7-9829-4C655ECB412E}"
EndProject
Global
	GlobalSection(SolutionConfigurationPlatforms) = preSolution
		Debug|Any CPU = Debug|Any CPU
		Release|Any CPU = Release|Any CPU
	EndGlobalSection
	GlobalSection(ProjectConfigurationPlatforms) = postSolution
		{A5034E07-3253-45C7-9829-4C655ECB412E}.Debug|Any CPU.ActiveCfg = Debug|Any CPU
		{A5034E07-3253-45C7-9829-4C655ECB412E}.Debug|Any CPU.Build.0 = Debug|Any CPU
		{A5034E07-3253-45C7-9829-4C655ECB412E}.Release|Any CPU.ActiveCfg = Release|Any CPU
		{A5034E07-3253-45C7-9829-4C655ECB412E}.Release|Any CPU.Build.0 = Release|Any CPU
	EndGlobalSection
	GlobalSection(SolutionProperties) = preSolution
		HideSolutionNode = FALSE
	EndGlobalSection
	GlobalSection(ExtensibilityGlobals) = postSolution
		SolutionGuid = {30788E40-D53A-4181-BB03-741C420AF220}
	EndGlobalSection
EndGlobal
